// !$*UTF8*$!
{
	archiveVersion = 1;
	classes = {
	};
	objectVersion = 55;
	objects = {

/* Begin PBXBuildFile section */
		4E61AB37286F756700C24248 /* AppDelegate.swift in Sources */ = {isa = PBXBuildFile; fileRef = 4E61AB36286F756700C24248 /* AppDelegate.swift */; };
		4E61AB3B286F756700C24248 /* ReqResUserTableViewController.swift in Sources */ = {isa = PBXBuildFile; fileRef = 4E61AB3A286F756700C24248 /* ReqResUserTableViewController.swift */; };
		4E61AB40286F756800C24248 /* Assets.xcassets in Resources */ = {isa = PBXBuildFile; fileRef = 4E61AB3F286F756800C24248 /* Assets.xcassets */; };
		4E61AB43286F756800C24248 /* LaunchScreen.storyboard in Resources */ = {isa = PBXBuildFile; fileRef = 4E61AB41286F756800C24248 /* LaunchScreen.storyboard */; };
		4E61AB4E286F756900C24248 /* ReqResTests.swift in Sources */ = {isa = PBXBuildFile; fileRef = 4E61AB4D286F756900C24248 /* ReqResTests.swift */; };
		4E61AB58286F756900C24248 /* ReqResUITests.swift in Sources */ = {isa = PBXBuildFile; fileRef = 4E61AB57286F756900C24248 /* ReqResUITests.swift */; };
		4E61AB5A286F756900C24248 /* ReqResUITestsLaunchTests.swift in Sources */ = {isa = PBXBuildFile; fileRef = 4E61AB59286F756900C24248 /* ReqResUITestsLaunchTests.swift */; };
		4E61AB6A286F779300C24248 /* ReqResUserTableViewCell.swift in Sources */ = {isa = PBXBuildFile; fileRef = 4E61AB69286F779300C24248 /* ReqResUserTableViewCell.swift */; };
		4E61AB6C286F7EC100C24248 /* ReqResUsersViewModel.swift in Sources */ = {isa = PBXBuildFile; fileRef = 4E61AB6B286F7EC100C24248 /* ReqResUsersViewModel.swift */; };
		4E61AB6E286F7EEC00C24248 /* ReqResUser.swift in Sources */ = {isa = PBXBuildFile; fileRef = 4E61AB6D286F7EEC00C24248 /* ReqResUser.swift */; };
		4E61AB71286F7F8500C24248 /* ReqResDataStore.swift in Sources */ = {isa = PBXBuildFile; fileRef = 4E61AB70286F7F8500C24248 /* ReqResDataStore.swift */; };
		4E61AB75286F817F00C24248 /* ReqResNetworkLoader.swift in Sources */ = {isa = PBXBuildFile; fileRef = 4E61AB74286F817F00C24248 /* ReqResNetworkLoader.swift */; };
		4E61AB77286F824C00C24248 /* ReqResSupport.swift in Sources */ = {isa = PBXBuildFile; fileRef = 4E61AB76286F824C00C24248 /* ReqResSupport.swift */; };
		4E61AB79286F827700C24248 /* ReqResResponse.swift in Sources */ = {isa = PBXBuildFile; fileRef = 4E61AB78286F827700C24248 /* ReqResResponse.swift */; };
		4E61AB7B286F866500C24248 /* ReqResNetworkLoaderProtocol.swift in Sources */ = {isa = PBXBuildFile; fileRef = 4E61AB7A286F866500C24248 /* ReqResNetworkLoaderProtocol.swift */; };
		4E61AB7D286F870C00C24248 /* ReqResDataStoreProtocol.swift in Sources */ = {isa = PBXBuildFile; fileRef = 4E61AB7C286F870C00C24248 /* ReqResDataStoreProtocol.swift */; };
		4E61AB7F286F912100C24248 /* ReqResImageLoader.swift in Sources */ = {isa = PBXBuildFile; fileRef = 4E61AB7E286F912100C24248 /* ReqResImageLoader.swift */; };
		4E61AB812870D14100C24248 /* ReqResUserDetailViewController.swift in Sources */ = {isa = PBXBuildFile; fileRef = 4E61AB802870D14100C24248 /* ReqResUserDetailViewController.swift */; };
/* End PBXBuildFile section */

/* Begin PBXContainerItemProxy section */
		4E61AB4A286F756900C24248 /* PBXContainerItemProxy */ = {
			isa = PBXContainerItemProxy;
			containerPortal = 4E61AB2B286F756700C24248 /* Project object */;
			proxyType = 1;
			remoteGlobalIDString = 4E61AB32286F756700C24248;
			remoteInfo = ReqRes;
		};
		4E61AB54286F756900C24248 /* PBXContainerItemProxy */ = {
			isa = PBXContainerItemProxy;
			containerPortal = 4E61AB2B286F756700C24248 /* Project object */;
			proxyType = 1;
			remoteGlobalIDString = 4E61AB32286F756700C24248;
			remoteInfo = ReqRes;
		};
/* End PBXContainerItemProxy section */

/* Begin PBXFileReference section */
		4E61AB33286F756700C24248 /* ReqRes.app */ = {isa = PBXFileReference; explicitFileType = wrapper.application; includeInIndex = 0; path = ReqRes.app; sourceTree = BUILT_PRODUCTS_DIR; };
		4E61AB36286F756700C24248 /* AppDelegate.swift */ = {isa = PBXFileReference; lastKnownFileType = sourcecode.swift; path = AppDelegate.swift; sourceTree = "<group>"; };
		4E61AB3A286F756700C24248 /* ReqResUserTableViewController.swift */ = {isa = PBXFileReference; lastKnownFileType = sourcecode.swift; path = ReqResUserTableViewController.swift; sourceTree = "<group>"; };
		4E61AB3F286F756800C24248 /* Assets.xcassets */ = {isa = PBXFileReference; lastKnownFileType = folder.assetcatalog; path = Assets.xcassets; sourceTree = "<group>"; };
		4E61AB42286F756800C24248 /* Base */ = {isa = PBXFileReference; lastKnownFileType = file.storyboard; name = Base; path = Base.lproj/LaunchScreen.storyboard; sourceTree = "<group>"; };
		4E61AB44286F756800C24248 /* Info.plist */ = {isa = PBXFileReference; lastKnownFileType = text.plist.xml; path = Info.plist; sourceTree = "<group>"; };
		4E61AB49286F756900C24248 /* ReqResTests.xctest */ = {isa = PBXFileReference; explicitFileType = wrapper.cfbundle; includeInIndex = 0; path = ReqResTests.xctest; sourceTree = BUILT_PRODUCTS_DIR; };
		4E61AB4D286F756900C24248 /* ReqResTests.swift */ = {isa = PBXFileReference; lastKnownFileType = sourcecode.swift; path = ReqResTests.swift; sourceTree = "<group>"; };
		4E61AB53286F756900C24248 /* ReqResUITests.xctest */ = {isa = PBXFileReference; explicitFileType = wrapper.cfbundle; includeInIndex = 0; path = ReqResUITests.xctest; sourceTree = BUILT_PRODUCTS_DIR; };
		4E61AB57286F756900C24248 /* ReqResUITests.swift */ = {isa = PBXFileReference; lastKnownFileType = sourcecode.swift; path = ReqResUITests.swift; sourceTree = "<group>"; };
		4E61AB59286F756900C24248 /* ReqResUITestsLaunchTests.swift */ = {isa = PBXFileReference; lastKnownFileType = sourcecode.swift; path = ReqResUITestsLaunchTests.swift; sourceTree = "<group>"; };
		4E61AB69286F779300C24248 /* ReqResUserTableViewCell.swift */ = {isa = PBXFileReference; lastKnownFileType = sourcecode.swift; path = ReqResUserTableViewCell.swift; sourceTree = "<group>"; };
		4E61AB6B286F7EC100C24248 /* ReqResUsersViewModel.swift */ = {isa = PBXFileReference; lastKnownFileType = sourcecode.swift; path = ReqResUsersViewModel.swift; sourceTree = "<group>"; };
		4E61AB6D286F7EEC00C24248 /* ReqResUser.swift */ = {isa = PBXFileReference; lastKnownFileType = sourcecode.swift; path = ReqResUser.swift; sourceTree = "<group>"; };
		4E61AB70286F7F8500C24248 /* ReqResDataStore.swift */ = {isa = PBXFileReference; lastKnownFileType = sourcecode.swift; path = ReqResDataStore.swift; sourceTree = "<group>"; };
		4E61AB74286F817F00C24248 /* ReqResNetworkLoader.swift */ = {isa = PBXFileReference; lastKnownFileType = sourcecode.swift; path = ReqResNetworkLoader.swift; sourceTree = "<group>"; };
		4E61AB76286F824C00C24248 /* ReqResSupport.swift */ = {isa = PBXFileReference; lastKnownFileType = sourcecode.swift; path = ReqResSupport.swift; sourceTree = "<group>"; };
		4E61AB78286F827700C24248 /* ReqResResponse.swift */ = {isa = PBXFileReference; lastKnownFileType = sourcecode.swift; path = ReqResResponse.swift; sourceTree = "<group>"; };
		4E61AB7A286F866500C24248 /* ReqResNetworkLoaderProtocol.swift */ = {isa = PBXFileReference; lastKnownFileType = sourcecode.swift; path = ReqResNetworkLoaderProtocol.swift; sourceTree = "<group>"; };
		4E61AB7C286F870C00C24248 /* ReqResDataStoreProtocol.swift */ = {isa = PBXFileReference; lastKnownFileType = sourcecode.swift; path = ReqResDataStoreProtocol.swift; sourceTree = "<group>"; };
		4E61AB7E286F912100C24248 /* ReqResImageLoader.swift */ = {isa = PBXFileReference; lastKnownFileType = sourcecode.swift; path = ReqResImageLoader.swift; sourceTree = "<group>"; };
		4E61AB802870D14100C24248 /* ReqResUserDetailViewController.swift */ = {isa = PBXFileReference; lastKnownFileType = sourcecode.swift; path = ReqResUserDetailViewController.swift; sourceTree = "<group>"; };
/* End PBXFileReference section */

/* Begin PBXFrameworksBuildPhase section */
		4E61AB30286F756700C24248 /* Frameworks */ = {
			isa = PBXFrameworksBuildPhase;
			buildActionMask = 2147483647;
			files = (
			);
			runOnlyForDeploymentPostprocessing = 0;
		};
		4E61AB46286F756900C24248 /* Frameworks */ = {
			isa = PBXFrameworksBuildPhase;
			buildActionMask = 2147483647;
			files = (
			);
			runOnlyForDeploymentPostprocessing = 0;
		};
		4E61AB50286F756900C24248 /* Frameworks */ = {
			isa = PBXFrameworksBuildPhase;
			buildActionMask = 2147483647;
			files = (
			);
			runOnlyForDeploymentPostprocessing = 0;
		};
/* End PBXFrameworksBuildPhase section */

/* Begin PBXGroup section */
		4E61AB2A286F756700C24248 = {
			isa = PBXGroup;
			children = (
				4E61AB35286F756700C24248 /* ReqRes */,
				4E61AB4C286F756900C24248 /* ReqResTests */,
				4E61AB56286F756900C24248 /* ReqResUITests */,
				4E61AB34286F756700C24248 /* Products */,
			);
			sourceTree = "<group>";
		};
		4E61AB34286F756700C24248 /* Products */ = {
			isa = PBXGroup;
			children = (
				4E61AB33286F756700C24248 /* ReqRes.app */,
				4E61AB49286F756900C24248 /* ReqResTests.xctest */,
				4E61AB53286F756900C24248 /* ReqResUITests.xctest */,
			);
			name = Products;
			sourceTree = "<group>";
		};
		4E61AB35286F756700C24248 /* ReqRes */ = {
			isa = PBXGroup;
			children = (
				4E61AB73286F814F00C24248 /* Service */,
				4E61AB68286F776400C24248 /* ViewModel */,
				4E61AB67286F775900C24248 /* Model */,
				4E61AB66286F774800C24248 /* View */,
				4E61AB36286F756700C24248 /* AppDelegate.swift */,
				4E61AB3F286F756800C24248 /* Assets.xcassets */,
				4E61AB41286F756800C24248 /* LaunchScreen.storyboard */,
				4E61AB44286F756800C24248 /* Info.plist */,
			);
			path = ReqRes;
			sourceTree = "<group>";
		};
		4E61AB4C286F756900C24248 /* ReqResTests */ = {
			isa = PBXGroup;
			children = (
				4E61AB4D286F756900C24248 /* ReqResTests.swift */,
			);
			path = ReqResTests;
			sourceTree = "<group>";
		};
		4E61AB56286F756900C24248 /* ReqResUITests */ = {
			isa = PBXGroup;
			children = (
				4E61AB57286F756900C24248 /* ReqResUITests.swift */,
				4E61AB59286F756900C24248 /* ReqResUITestsLaunchTests.swift */,
			);
			path = ReqResUITests;
			sourceTree = "<group>";
		};
		4E61AB66286F774800C24248 /* View */ = {
			isa = PBXGroup;
			children = (
				4E61AB69286F779300C24248 /* ReqResUserTableViewCell.swift */,
				4E61AB3A286F756700C24248 /* ReqResUserTableViewController.swift */,
				4E61AB802870D14100C24248 /* ReqResUserDetailViewController.swift */,
			);
			path = View;
			sourceTree = "<group>";
		};
		4E61AB67286F775900C24248 /* Model */ = {
			isa = PBXGroup;
			children = (
				4E61AB6D286F7EEC00C24248 /* ReqResUser.swift */,
				4E61AB76286F824C00C24248 /* ReqResSupport.swift */,
				4E61AB78286F827700C24248 /* ReqResResponse.swift */,
			);
			path = Model;
			sourceTree = "<group>";
		};
		4E61AB68286F776400C24248 /* ViewModel */ = {
			isa = PBXGroup;
			children = (
				4E61AB6B286F7EC100C24248 /* ReqResUsersViewModel.swift */,
			);
			path = ViewModel;
			sourceTree = "<group>";
		};
		4E61AB73286F814F00C24248 /* Service */ = {
			isa = PBXGroup;
			children = (
				4E61AB70286F7F8500C24248 /* ReqResDataStore.swift */,
				4E61AB74286F817F00C24248 /* ReqResNetworkLoader.swift */,
				4E61AB7A286F866500C24248 /* ReqResNetworkLoaderProtocol.swift */,
				4E61AB7C286F870C00C24248 /* ReqResDataStoreProtocol.swift */,
				4E61AB7E286F912100C24248 /* ReqResImageLoader.swift */,
			);
			path = Service;
			sourceTree = "<group>";
		};
/* End PBXGroup section */

/* Begin PBXNativeTarget section */
		4E61AB32286F756700C24248 /* ReqRes */ = {
			isa = PBXNativeTarget;
			buildConfigurationList = 4E61AB5D286F756900C24248 /* Build configuration list for PBXNativeTarget "ReqRes" */;
			buildPhases = (
				4E61AB2F286F756700C24248 /* Sources */,
				4E61AB30286F756700C24248 /* Frameworks */,
				4E61AB31286F756700C24248 /* Resources */,
			);
			buildRules = (
			);
			dependencies = (
			);
			name = ReqRes;
			productName = ReqRes;
			productReference = 4E61AB33286F756700C24248 /* ReqRes.app */;
			productType = "com.apple.product-type.application";
		};
		4E61AB48286F756900C24248 /* ReqResTests */ = {
			isa = PBXNativeTarget;
			buildConfigurationList = 4E61AB60286F756900C24248 /* Build configuration list for PBXNativeTarget "ReqResTests" */;
			buildPhases = (
				4E61AB45286F756900C24248 /* Sources */,
				4E61AB46286F756900C24248 /* Frameworks */,
				4E61AB47286F756900C24248 /* Resources */,
			);
			buildRules = (
			);
			dependencies = (
				4E61AB4B286F756900C24248 /* PBXTargetDependency */,
			);
			name = ReqResTests;
			productName = ReqResTests;
			productReference = 4E61AB49286F756900C24248 /* ReqResTests.xctest */;
			productType = "com.apple.product-type.bundle.unit-test";
		};
		4E61AB52286F756900C24248 /* ReqResUITests */ = {
			isa = PBXNativeTarget;
			buildConfigurationList = 4E61AB63286F756900C24248 /* Build configuration list for PBXNativeTarget "ReqResUITests" */;
			buildPhases = (
				4E61AB4F286F756900C24248 /* Sources */,
				4E61AB50286F756900C24248 /* Frameworks */,
				4E61AB51286F756900C24248 /* Resources */,
			);
			buildRules = (
			);
			dependencies = (
				4E61AB55286F756900C24248 /* PBXTargetDependency */,
			);
			name = ReqResUITests;
			productName = ReqResUITests;
			productReference = 4E61AB53286F756900C24248 /* ReqResUITests.xctest */;
			productType = "com.apple.product-type.bundle.ui-testing";
		};
/* End PBXNativeTarget section */

/* Begin PBXProject section */
		4E61AB2B286F756700C24248 /* Project object */ = {
			isa = PBXProject;
			attributes = {
				BuildIndependentTargetsInParallel = 1;
				LastSwiftUpdateCheck = 1320;
				LastUpgradeCheck = 1320;
				TargetAttributes = {
					4E61AB32286F756700C24248 = {
						CreatedOnToolsVersion = 13.2.1;
					};
					4E61AB48286F756900C24248 = {
						CreatedOnToolsVersion = 13.2.1;
						TestTargetID = 4E61AB32286F756700C24248;
					};
					4E61AB52286F756900C24248 = {
						CreatedOnToolsVersion = 13.2.1;
						TestTargetID = 4E61AB32286F756700C24248;
					};
				};
			};
			buildConfigurationList = 4E61AB2E286F756700C24248 /* Build configuration list for PBXProject "ReqRes" */;
			compatibilityVersion = "Xcode 13.0";
			developmentRegion = en;
			hasScannedForEncodings = 0;
			knownRegions = (
				en,
				Base,
			);
			mainGroup = 4E61AB2A286F756700C24248;
			productRefGroup = 4E61AB34286F756700C24248 /* Products */;
			projectDirPath = "";
			projectRoot = "";
			targets = (
				4E61AB32286F756700C24248 /* ReqRes */,
				4E61AB48286F756900C24248 /* ReqResTests */,
				4E61AB52286F756900C24248 /* ReqResUITests */,
			);
		};
/* End PBXProject section */

/* Begin PBXResourcesBuildPhase section */
		4E61AB31286F756700C24248 /* Resources */ = {
			isa = PBXResourcesBuildPhase;
			buildActionMask = 2147483647;
			files = (
				4E61AB43286F756800C24248 /* LaunchScreen.storyboard in Resources */,
				4E61AB40286F756800C24248 /* Assets.xcassets in Resources */,
			);
			runOnlyForDeploymentPostprocessing = 0;
		};
		4E61AB47286F756900C24248 /* Resources */ = {
			isa = PBXResourcesBuildPhase;
			buildActionMask = 2147483647;
			files = (
			);
			runOnlyForDeploymentPostprocessing = 0;
		};
		4E61AB51286F756900C24248 /* Resources */ = {
			isa = PBXResourcesBuildPhase;
			buildActionMask = 2147483647;
			files = (
			);
			runOnlyForDeploymentPostprocessing = 0;
		};
/* End PBXResourcesBuildPhase section */

/* Begin PBXSourcesBuildPhase section */
		4E61AB2F286F756700C24248 /* Sources */ = {
			isa = PBXSourcesBuildPhase;
			buildActionMask = 2147483647;
			files = (
				4E61AB6E286F7EEC00C24248 /* ReqResUser.swift in Sources */,
				4E61AB6A286F779300C24248 /* ReqResUserTableViewCell.swift in Sources */,
				4E61AB6C286F7EC100C24248 /* ReqResUsersViewModel.swift in Sources */,
				4E61AB3B286F756700C24248 /* ReqResUserTableViewController.swift in Sources */,
				4E61AB37286F756700C24248 /* AppDelegate.swift in Sources */,
				4E61AB7F286F912100C24248 /* ReqResImageLoader.swift in Sources */,
				4E61AB77286F824C00C24248 /* ReqResSupport.swift in Sources */,
				4E61AB71286F7F8500C24248 /* ReqResDataStore.swift in Sources */,
				4E61AB7B286F866500C24248 /* ReqResNetworkLoaderProtocol.swift in Sources */,
				4E61AB79286F827700C24248 /* ReqResResponse.swift in Sources */,
				4E61AB75286F817F00C24248 /* ReqResNetworkLoader.swift in Sources */,
				4E61AB812870D14100C24248 /* ReqResUserDetailViewController.swift in Sources */,
				4E61AB7D286F870C00C24248 /* ReqResDataStoreProtocol.swift in Sources */,
			);
			runOnlyForDeploymentPostprocessing = 0;
		};
		4E61AB45286F756900C24248 /* Sources */ = {
			isa = PBXSourcesBuildPhase;
			buildActionMask = 2147483647;
			files = (
				4E61AB4E286F756900C24248 /* ReqResTests.swift in Sources */,
			);
			runOnlyForDeploymentPostprocessing = 0;
		};
		4E61AB4F286F756900C24248 /* Sources */ = {
			isa = PBXSourcesBuildPhase;
			buildActionMask = 2147483647;
			files = (
				4E61AB5A286F756900C24248 /* ReqResUITestsLaunchTests.swift in Sources */,
				4E61AB58286F756900C24248 /* ReqResUITests.swift in Sources */,
			);
			runOnlyForDeploymentPostprocessing = 0;
		};
/* End PBXSourcesBuildPhase section */

/* Begin PBXTargetDependency section */
		4E61AB4B286F756900C24248 /* PBXTargetDependency */ = {
			isa = PBXTargetDependency;
			target = 4E61AB32286F756700C24248 /* ReqRes */;
			targetProxy = 4E61AB4A286F756900C24248 /* PBXContainerItemProxy */;
		};
		4E61AB55286F756900C24248 /* PBXTargetDependency */ = {
			isa = PBXTargetDependency;
			target = 4E61AB32286F756700C24248 /* ReqRes */;
			targetProxy = 4E61AB54286F756900C24248 /* PBXContainerItemProxy */;
		};
/* End PBXTargetDependency section */

/* Begin PBXVariantGroup section */
		4E61AB41286F756800C24248 /* LaunchScreen.storyboard */ = {
			isa = PBXVariantGroup;
			children = (
				4E61AB42286F756800C24248 /* Base */,
			);
			name = LaunchScreen.storyboard;
			sourceTree = "<group>";
		};
/* End PBXVariantGroup section */

/* Begin XCBuildConfiguration section */
		4E61AB5B286F756900C24248 /* Debug */ = {
			isa = XCBuildConfiguration;
			buildSettings = {
				ALWAYS_SEARCH_USER_PATHS = NO;
				CLANG_ANALYZER_NONNULL = YES;
				CLANG_ANALYZER_NUMBER_OBJECT_CONVERSION = YES_AGGRESSIVE;
				CLANG_CXX_LANGUAGE_STANDARD = "gnu++17";
				CLANG_CXX_LIBRARY = "libc++";
				CLANG_ENABLE_MODULES = YES;
				CLANG_ENABLE_OBJC_ARC = YES;
				CLANG_ENABLE_OBJC_WEAK = YES;
				CLANG_WARN_BLOCK_CAPTURE_AUTORELEASING = YES;
				CLANG_WARN_BOOL_CONVERSION = YES;
				CLANG_WARN_COMMA = YES;
				CLANG_WARN_CONSTANT_CONVERSION = YES;
				CLANG_WARN_DEPRECATED_OBJC_IMPLEMENTATIONS = YES;
				CLANG_WARN_DIRECT_OBJC_ISA_USAGE = YES_ERROR;
				CLANG_WARN_DOCUMENTATION_COMMENTS = YES;
				CLANG_WARN_EMPTY_BODY = YES;
				CLANG_WARN_ENUM_CONVERSION = YES;
				CLANG_WARN_INFINITE_RECURSION = YES;
				CLANG_WARN_INT_CONVERSION = YES;
				CLANG_WARN_NON_LITERAL_NULL_CONVERSION = YES;
				CLANG_WARN_OBJC_IMPLICIT_RETAIN_SELF = YES;
				CLANG_WARN_OBJC_LITERAL_CONVERSION = YES;
				CLANG_WARN_OBJC_ROOT_CLASS = YES_ERROR;
				CLANG_WARN_QUOTED_INCLUDE_IN_FRAMEWORK_HEADER = YES;
				CLANG_WARN_RANGE_LOOP_ANALYSIS = YES;
				CLANG_WARN_STRICT_PROTOTYPES = YES;
				CLANG_WARN_SUSPICIOUS_MOVE = YES;
				CLANG_WARN_UNGUARDED_AVAILABILITY = YES_AGGRESSIVE;
				CLANG_WARN_UNREACHABLE_CODE = YES;
				CLANG_WARN__DUPLICATE_METHOD_MATCH = YES;
				COPY_PHASE_STRIP = NO;
				DEBUG_INFORMATION_FORMAT = dwarf;
				ENABLE_STRICT_OBJC_MSGSEND = YES;
				ENABLE_TESTABILITY = YES;
				GCC_C_LANGUAGE_STANDARD = gnu11;
				GCC_DYNAMIC_NO_PIC = NO;
				GCC_NO_COMMON_BLOCKS = YES;
				GCC_OPTIMIZATION_LEVEL = 0;
				GCC_PREPROCESSOR_DEFINITIONS = (
					"DEBUG=1",
					"$(inherited)",
				);
				GCC_WARN_64_TO_32_BIT_CONVERSION = YES;
				GCC_WARN_ABOUT_RETURN_TYPE = YES_ERROR;
				GCC_WARN_UNDECLARED_SELECTOR = YES;
				GCC_WARN_UNINITIALIZED_AUTOS = YES_AGGRESSIVE;
				GCC_WARN_UNUSED_FUNCTION = YES;
				GCC_WARN_UNUSED_VARIABLE = YES;
				INFOPLIST_KEY_UILaunchStoryboardName = LaunchScreen;
				INFOPLIST_KEY_UIMainStoryboardFile = "";
				IPHONEOS_DEPLOYMENT_TARGET = 15.2;
				MTL_ENABLE_DEBUG_INFO = INCLUDE_SOURCE;
				MTL_FAST_MATH = YES;
				ONLY_ACTIVE_ARCH = YES;
				SDKROOT = iphoneos;
				SWIFT_ACTIVE_COMPILATION_CONDITIONS = DEBUG;
				SWIFT_OPTIMIZATION_LEVEL = "-Onone";
			};
			name = Debug;
		};
		4E61AB5C286F756900C24248 /* Release */ = {
			isa = XCBuildConfiguration;
			buildSettings = {
				ALWAYS_SEARCH_USER_PATHS = NO;
				CLANG_ANALYZER_NONNULL = YES;
				CLANG_ANALYZER_NUMBER_OBJECT_CONVERSION = YES_AGGRESSIVE;
				CLANG_CXX_LANGUAGE_STANDARD = "gnu++17";
				CLANG_CXX_LIBRARY = "libc++";
				CLANG_ENABLE_MODULES = YES;
				CLANG_ENABLE_OBJC_ARC = YES;
				CLANG_ENABLE_OBJC_WEAK = YES;
				CLANG_WARN_BLOCK_CAPTURE_AUTORELEASING = YES;
				CLANG_WARN_BOOL_CONVERSION = YES;
				CLANG_WARN_COMMA = YES;
				CLANG_WARN_CONSTANT_CONVERSION = YES;
				CLANG_WARN_DEPRECATED_OBJC_IMPLEMENTATIONS = YES;
				CLANG_WARN_DIRECT_OBJC_ISA_USAGE = YES_ERROR;
				CLANG_WARN_DOCUMENTATION_COMMENTS = YES;
				CLANG_WARN_EMPTY_BODY = YES;
				CLANG_WARN_ENUM_CONVERSION = YES;
				CLANG_WARN_INFINITE_RECURSION = YES;
				CLANG_WARN_INT_CONVERSION = YES;
				CLANG_WARN_NON_LITERAL_NULL_CONVERSION = YES;
				CLANG_WARN_OBJC_IMPLICIT_RETAIN_SELF = YES;
				CLANG_WARN_OBJC_LITERAL_CONVERSION = YES;
				CLANG_WARN_OBJC_ROOT_CLASS = YES_ERROR;
				CLANG_WARN_QUOTED_INCLUDE_IN_FRAMEWORK_HEADER = YES;
				CLANG_WARN_RANGE_LOOP_ANALYSIS = YES;
				CLANG_WARN_STRICT_PROTOTYPES = YES;
				CLANG_WARN_SUSPICIOUS_MOVE = YES;
				CLANG_WARN_UNGUARDED_AVAILABILITY = YES_AGGRESSIVE;
				CLANG_WARN_UNREACHABLE_CODE = YES;
				CLANG_WARN__DUPLICATE_METHOD_MATCH = YES;
				COPY_PHASE_STRIP = NO;
				DEBUG_INFORMATION_FORMAT = "dwarf-with-dsym";
				ENABLE_NS_ASSERTIONS = NO;
				ENABLE_STRICT_OBJC_MSGSEND = YES;
				GCC_C_LANGUAGE_STANDARD = gnu11;
				GCC_NO_COMMON_BLOCKS = YES;
				GCC_WARN_64_TO_32_BIT_CONVERSION = YES;
				GCC_WARN_ABOUT_RETURN_TYPE = YES_ERROR;
				GCC_WARN_UNDECLARED_SELECTOR = YES;
				GCC_WARN_UNINITIALIZED_AUTOS = YES_AGGRESSIVE;
				GCC_WARN_UNUSED_FUNCTION = YES;
				GCC_WARN_UNUSED_VARIABLE = YES;
				INFOPLIST_KEY_UILaunchStoryboardName = LaunchScreen;
				INFOPLIST_KEY_UIMainStoryboardFile = "";
				IPHONEOS_DEPLOYMENT_TARGET = 15.2;
				MTL_ENABLE_DEBUG_INFO = NO;
				MTL_FAST_MATH = YES;
				SDKROOT = iphoneos;
				SWIFT_COMPILATION_MODE = wholemodule;
				SWIFT_OPTIMIZATION_LEVEL = "-O";
				VALIDATE_PRODUCT = YES;
			};
			name = Release;
		};
		4E61AB5E286F756900C24248 /* Debug */ = {
			isa = XCBuildConfiguration;
			buildSettings = {
				ASSETCATALOG_COMPILER_APPICON_NAME = AppIcon;
				ASSETCATALOG_COMPILER_GLOBAL_ACCENT_COLOR_NAME = AccentColor;
				CODE_SIGN_STYLE = Automatic;
				CURRENT_PROJECT_VERSION = 1;
				GENERATE_INFOPLIST_FILE = YES;
				INFOPLIST_FILE = ReqRes/Info.plist;
				INFOPLIST_KEY_UIApplicationSupportsIndirectInputEvents = YES;
				INFOPLIST_KEY_UILaunchStoryboardName = LaunchScreen;
				INFOPLIST_KEY_UIMainStoryboardFile = "";
				INFOPLIST_KEY_UISupportedInterfaceOrientations_iPad = "UIInterfaceOrientationPortrait UIInterfaceOrientationPortraitUpsideDown UIInterfaceOrientationLandscapeLeft UIInterfaceOrientationLandscapeRight";
				INFOPLIST_KEY_UISupportedInterfaceOrientations_iPhone = "UIInterfaceOrientationPortrait UIInterfaceOrientationLandscapeLeft UIInterfaceOrientationLandscapeRight";
				LD_RUNPATH_SEARCH_PATHS = (
					"$(inherited)",
					"@executable_path/Frameworks",
				);
				MARKETING_VERSION = 1.0;
				PRODUCT_BUNDLE_IDENTIFIER = akshayb.ReqRes;
				PRODUCT_NAME = "$(TARGET_NAME)";
				SWIFT_EMIT_LOC_STRINGS = YES;
				SWIFT_VERSION = 5.0;
				TARGETED_DEVICE_FAMILY = "1,2";
			};
			name = Debug;
		};
		4E61AB5F286F756900C24248 /* Release */ = {
			isa = XCBuildConfiguration;
			buildSettings = {
				ASSETCATALOG_COMPILER_APPICON_NAME = AppIcon;
				ASSETCATALOG_COMPILER_GLOBAL_ACCENT_COLOR_NAME = AccentColor;
				CODE_SIGN_STYLE = Automatic;
				CURRENT_PROJECT_VERSION = 1;
				GENERATE_INFOPLIST_FILE = YES;
				INFOPLIST_FILE = ReqRes/Info.plist;
				INFOPLIST_KEY_UIApplicationSupportsIndirectInputEvents = YES;
				INFOPLIST_KEY_UILaunchStoryboardName = LaunchScreen;
				INFOPLIST_KEY_UIMainStoryboardFile = "";
				INFOPLIST_KEY_UISupportedInterfaceOrientations_iPad = "UIInterfaceOrientationPortrait UIInterfaceOrientationPortraitUpsideDown UIInterfaceOrientationLandscapeLeft UIInterfaceOrientationLandscapeRight";
				INFOPLIST_KEY_UISupportedInterfaceOrientations_iPhone = "UIInterfaceOrientationPortrait UIInterfaceOrientationLandscapeLeft UIInterfaceOrientationLandscapeRight";
				LD_RUNPATH_SEARCH_PATHS = (
					"$(inherited)",
					"@executable_path/Frameworks",
				);
				MARKETING_VERSION = 1.0;
				PRODUCT_BUNDLE_IDENTIFIER = akshayb.ReqRes;
				PRODUCT_NAME = "$(TARGET_NAME)";
				SWIFT_EMIT_LOC_STRINGS = YES;
				SWIFT_VERSION = 5.0;
				TARGETED_DEVICE_FAMILY = "1,2";
			};
			name = Release;
		};
		4E61AB61286F756900C24248 /* Debug */ = {
			isa = XCBuildConfiguration;
			buildSettings = {
				ALWAYS_EMBED_SWIFT_STANDARD_LIBRARIES = YES;
				BUNDLE_LOADER = "$(TEST_HOST)";
				CODE_SIGN_STYLE = Automatic;
				CURRENT_PROJECT_VERSION = 1;
				GENERATE_INFOPLIST_FILE = YES;
				IPHONEOS_DEPLOYMENT_TARGET = 15.2;
				MARKETING_VERSION = 1.0;
				PRODUCT_BUNDLE_IDENTIFIER = akshayb.ReqResTests;
				PRODUCT_NAME = "$(TARGET_NAME)";
				SWIFT_EMIT_LOC_STRINGS = NO;
				SWIFT_VERSION = 5.0;
				TARGETED_DEVICE_FAMILY = "1,2";
				TEST_HOST = "$(BUILT_PRODUCTS_DIR)/ReqRes.app/ReqRes";
			};
			name = Debug;
		};
		4E61AB62286F756900C24248 /* Release */ = {
			isa = XCBuildConfiguration;
			buildSettings = {
				ALWAYS_EMBED_SWIFT_STANDARD_LIBRARIES = YES;
				BUNDLE_LOADER = "$(TEST_HOST)";
				CODE_SIGN_STYLE = Automatic;
				CURRENT_PROJECT_VERSION = 1;
				GENERATE_INFOPLIST_FILE = YES;
				IPHONEOS_DEPLOYMENT_TARGET = 15.2;
				MARKETING_VERSION = 1.0;
				PRODUCT_BUNDLE_IDENTIFIER = akshayb.ReqResTests;
				PRODUCT_NAME = "$(TARGET_NAME)";
				SWIFT_EMIT_LOC_STRINGS = NO;
				SWIFT_VERSION = 5.0;
				TARGETED_DEVICE_FAMILY = "1,2";
				TEST_HOST = "$(BUILT_PRODUCTS_DIR)/ReqRes.app/ReqRes";
			};
			name = Release;
		};
		4E61AB64286F756900C24248 /* Debug */ = {
			isa = XCBuildConfiguration;
			buildSettings = {
				ALWAYS_EMBED_SWIFT_STANDARD_LIBRARIES = YES;
				CODE_SIGN_STYLE = Automatic;
				CURRENT_PROJECT_VERSION = 1;
				GENERATE_INFOPLIST_FILE = YES;
				MARKETING_VERSION = 1.0;
				PRODUCT_BUNDLE_IDENTIFIER = akshayb.ReqResUITests;
				PRODUCT_NAME = "$(TARGET_NAME)";
				SWIFT_EMIT_LOC_STRINGS = NO;
				SWIFT_VERSION = 5.0;
				TARGETED_DEVICE_FAMILY = "1,2";
				TEST_TARGET_NAME = ReqRes;
			};
			name = Debug;
		};
		4E61AB65286F756900C24248 /* Release */ = {
			isa = XCBuildConfiguration;
			buildSettings = {
				ALWAYS_EMBED_SWIFT_STANDARD_LIBRARIES = YES;
				CODE_SIGN_STYLE = Automatic;
				CURRENT_PROJECT_VERSION = 1;
				GENERATE_INFOPLIST_FILE = YES;
				MARKETING_VERSION = 1.0;
				PRODUCT_BUNDLE_IDENTIFIER = akshayb.ReqResUITests;
				PRODUCT_NAME = "$(TARGET_NAME)";
				SWIFT_EMIT_LOC_STRINGS = NO;
				SWIFT_VERSION = 5.0;
				TARGETED_DEVICE_FAMILY = "1,2";
				TEST_TARGET_NAME = ReqRes;
			};
			name = Release;
		};
/* End XCBuildConfiguration section */

/* Begin XCConfigurationList section */
		4E61AB2E286F756700C24248 /* Build configuration list for PBXProject "ReqRes" */ = {
			isa = XCConfigurationList;
			buildConfigurations = (
				4E61AB5B286F756900C24248 /* Debug */,
				4E61AB5C286F756900C24248 /* Release */,
			);
			defaultConfigurationIsVisible = 0;
			defaultConfigurationName = Release;
		};
		4E61AB5D286F756900C24248 /* Build configuration list for PBXNativeTarget "ReqRes" */ = {
			isa = XCConfigurationList;
			buildConfigurations = (
				4E61AB5E286F756900C24248 /* Debug */,
				4E61AB5F286F756900C24248 /* Release */,
			);
			defaultConfigurationIsVisible = 0;
			defaultConfigurationName = Release;
		};
		4E61AB60286F756900C24248 /* Build configuration list for PBXNativeTarget "ReqResTests" */ = {
			isa = XCConfigurationList;
			buildConfigurations = (
				4E61AB61286F756900C24248 /* Debug */,
				4E61AB62286F756900C24248 /* Release */,
			);
			defaultConfigurationIsVisible = 0;
			defaultConfigurationName = Release;
		};
		4E61AB63286F756900C24248 /* Build configuration list for PBXNativeTarget "ReqResUITests" */ = {
			isa = XCConfigurationList;
			buildConfigurations = (
				4E61AB64286F756900C24248 /* Debug */,
				4E61AB65286F756900C24248 /* Release */,
			);
			defaultConfigurationIsVisible = 0;
			defaultConfigurationName = Release;
		};
/* End XCConfigurationList section */
	};
	rootObject = 4E61AB2B286F756700C24248 /* Project object */;
}
